Microsoft Visual Studio Solution File, Format Version 12.00
# Visual Studio 15
VisualStudioVersion = 15.0.26730.16
MinimumVisualStudioVersion = 15.0.26124.0
Project("{2150E333-8FDC-42A3-9474-1A3956D46DE8}") = "src", "src", "{F95AEF80-4C9D-49A7-BEF2-AA0319111731}"
EndProject
Project("{9A19103F-16F7-4668-BE54-9A1E7A4F7556}") = "ShtikLive.Slides", "src\ShtikLive.Slides\ShtikLive.Slides.csproj", "{B03A3E0F-57E4-4A4E-AD7B-1EC427A2BD0E}"
EndProject
Global
	GlobalSection(SolutionConfigurationPlatforms) = preSolution
		Debug|Any CPU = Debug|Any CPU
		Debug|x64 = Debug|x64
		Debug|x86 = Debug|x86
		Release|Any CPU = Release|Any CPU
		Release|x64 = Release|x64
		Release|x86 = Release|x86
	EndGlobalSection
	GlobalSection(ProjectConfigurationPlatforms) = postSolution
		{B03A3E0F-57E4-4A4E-AD7B-1EC427A2BD0E}.Debug|Any CPU.ActiveCfg = Debug|Any CPU
		{B03A3E0F-57E4-4A4E-AD7B-1EC427A2BD0E}.Debug|Any CPU.Build.0 = Debug|Any CPU
		{B03A3E0F-57E4-4A4E-AD7B-1EC427A2BD0E}.Debug|x64.ActiveCfg = Debug|Any CPU
		{B03A3E0F-57E4-4A4E-AD7B-1EC427A2BD0E}.Debug|x64.Build.0 = Debug|Any CPU
		{B03A3E0F-57E4-4A4E-AD7B-1EC427A2BD0E}.Debug|x86.ActiveCfg = Debug|Any CPU
		{B03A3E0F-57E4-4A4E-AD7B-1EC427A2BD0E}.Debug|x86.Build.0 = Debug|Any CPU
		{B03A3E0F-57E4-4A4E-AD7B-1EC427A2BD0E}.Release|Any CPU.ActiveCfg = Release|Any CPU
		{B03A3E0F-57E4-4A4E-AD7B-1EC427A2BD0E}.Release|Any CPU.Build.0 = Release|Any CPU
		{B03A3E0F-57E4-4A4E-AD7B-1EC427A2BD0E}.Release|x64.ActiveCfg = Release|Any CPU
		{B03A3E0F-57E4-4A4E-AD7B-1EC427A2BD0E}.Release|x64.Build.0 = Release|Any CPU
		{B03A3E0F-57E4-4A4E-AD7B-1EC427A2BD0E}.Release|x86.ActiveCfg = Release|Any CPU
		{B03A3E0F-57E4-4A4E-AD7B-1EC427A2BD0E}.Release|x86.Build.0 = Release|Any CPU
	EndGlobalSection
	GlobalSection(SolutionProperties) = preSolution
		HideSolutionNode = FALSE
	EndGlobalSection
	GlobalSection(NestedProjects) = preSolution
		{B03A3E0F-57E4-4A4E-AD7B-1EC427A2BD0E} = {F95AEF80-4C9D-49A7-BEF2-AA0319111731}
	EndGlobalSection
	GlobalSection(ExtensibilityGlobals) = postSolution
		SolutionGuid = {85FE7B7A-6BFC-4345-BBDC-CDBBCA3E62EE}
	EndGlobalSection
EndGlobal
